// !$*UTF8*$!
{
	archiveVersion = 1;
	classes = {
	};
	objectVersion = 46;
	objects = {

/* Begin PBXBuildFile section */
		5DFFA28A1D3E2520002DAE21 /* main.m in Sources */ = {isa = PBXBuildFile; fileRef = 5DFFA2891D3E2520002DAE21 /* main.m */; };
		5DFFA28D1D3E2520002DAE21 /* AppDelegate.m in Sources */ = {isa = PBXBuildFile; fileRef = 5DFFA28C1D3E2520002DAE21 /* AppDelegate.m */; };
		5DFFA2901D3E2520002DAE21 /* ViewController.m in Sources */ = {isa = PBXBuildFile; fileRef = 5DFFA28F1D3E2520002DAE21 /* ViewController.m */; };
		5DFFA2931D3E2520002DAE21 /* Main.storyboard in Resources */ = {isa = PBXBuildFile; fileRef = 5DFFA2911D3E2520002DAE21 /* Main.storyboard */; };
		5DFFA2961D3E2520002DAE21 /* MapTestSkut.xcdatamodeld in Sources */ = {isa = PBXBuildFile; fileRef = 5DFFA2941D3E2520002DAE21 /* MapTestSkut.xcdatamodeld */; };
		5DFFA2981D3E2520002DAE21 /* Assets.xcassets in Resources */ = {isa = PBXBuildFile; fileRef = 5DFFA2971D3E2520002DAE21 /* Assets.xcassets */; };
		5DFFA29B1D3E2520002DAE21 /* LaunchScreen.storyboard in Resources */ = {isa = PBXBuildFile; fileRef = 5DFFA2991D3E2520002DAE21 /* LaunchScreen.storyboard */; };
		5DFFA2A61D3E2520002DAE21 /* MapTestSkutTests.m in Sources */ = {isa = PBXBuildFile; fileRef = 5DFFA2A51D3E2520002DAE21 /* MapTestSkutTests.m */; };
		5DFFA2B11D3E2520002DAE21 /* MapTestSkutUITests.m in Sources */ = {isa = PBXBuildFile; fileRef = 5DFFA2B01D3E2520002DAE21 /* MapTestSkutUITests.m */; };
/* End PBXBuildFile section */

/* Begin PBXContainerItemProxy section */
		5DFFA2A21D3E2520002DAE21 /* PBXContainerItemProxy */ = {
			isa = PBXContainerItemProxy;
			containerPortal = 5DFFA27D1D3E2520002DAE21 /* Project object */;
			proxyType = 1;
			remoteGlobalIDString = 5DFFA2841D3E2520002DAE21;
			remoteInfo = MapTestSkut;
		};
		5DFFA2AD1D3E2520002DAE21 /* PBXContainerItemProxy */ = {
			isa = PBXContainerItemProxy;
			containerPortal = 5DFFA27D1D3E2520002DAE21 /* Project object */;
			proxyType = 1;
			remoteGlobalIDString = 5DFFA2841D3E2520002DAE21;
			remoteInfo = MapTestSkut;
		};
/* End PBXContainerItemProxy section */

/* Begin PBXFileReference section */
		5DFFA2851D3E2520002DAE21 /* MapTestSkut.app */ = {isa = PBXFileReference; explicitFileType = wrapper.application; includeInIndex = 0; path = MapTestSkut.app; sourceTree = BUILT_PRODUCTS_DIR; };
		5DFFA2891D3E2520002DAE21 /* main.m */ = {isa = PBXFileReference; lastKnownFileType = sourcecode.c.objc; path = main.m; sourceTree = "<group>"; };
		5DFFA28B1D3E2520002DAE21 /* AppDelegate.h */ = {isa = PBXFileReference; lastKnownFileType = sourcecode.c.h; path = AppDelegate.h; sourceTree = "<group>"; };
		5DFFA28C1D3E2520002DAE21 /* AppDelegate.m */ = {isa = PBXFileReference; lastKnownFileType = sourcecode.c.objc; path = AppDelegate.m; sourceTree = "<group>"; };
		5DFFA28E1D3E2520002DAE21 /* ViewController.h */ = {isa = PBXFileReference; lastKnownFileType = sourcecode.c.h; path = ViewController.h; sourceTree = "<group>"; };
		5DFFA28F1D3E2520002DAE21 /* ViewController.m */ = {isa = PBXFileReference; lastKnownFileType = sourcecode.c.objc; path = ViewController.m; sourceTree = "<group>"; };
		5DFFA2921D3E2520002DAE21 /* Base */ = {isa = PBXFileReference; lastKnownFileType = file.storyboard; name = Base; path = Base.lproj/Main.storyboard; sourceTree = "<group>"; };
		5DFFA2951D3E2520002DAE21 /* MapTestSkut.xcdatamodel */ = {isa = PBXFileReference; lastKnownFileType = wrapper.xcdatamodel; path = MapTestSkut.xcdatamodel; sourceTree = "<group>"; };
		5DFFA2971D3E2520002DAE21 /* Assets.xcassets */ = {isa = PBXFileReference; lastKnownFileType = folder.assetcatalog; path = Assets.xcassets; sourceTree = "<group>"; };
		5DFFA29A1D3E2520002DAE21 /* Base */ = {isa = PBXFileReference; lastKnownFileType = file.storyboard; name = Base; path = Base.lproj/LaunchScreen.storyboard; sourceTree = "<group>"; };
		5DFFA29C1D3E2520002DAE21 /* Info.plist */ = {isa = PBXFileReference; lastKnownFileType = text.plist.xml; path = Info.plist; sourceTree = "<group>"; };
		5DFFA2A11D3E2520002DAE21 /* MapTestSkutTests.xctest */ = {isa = PBXFileReference; explicitFileType = wrapper.cfbundle; includeInIndex = 0; path = MapTestSkutTests.xctest; sourceTree = BUILT_PRODUCTS_DIR; };
		5DFFA2A51D3E2520002DAE21 /* MapTestSkutTests.m */ = {isa = PBXFileReference; lastKnownFileType = sourcecode.c.objc; path = MapTestSkutTests.m; sourceTree = "<group>"; };
		5DFFA2A71D3E2520002DAE21 /* Info.plist */ = {isa = PBXFileReference; lastKnownFileType = text.plist.xml; path = Info.plist; sourceTree = "<group>"; };
		5DFFA2AC1D3E2520002DAE21 /* MapTestSkutUITests.xctest */ = {isa = PBXFileReference; explicitFileType = wrapper.cfbundle; includeInIndex = 0; path = MapTestSkutUITests.xctest; sourceTree = BUILT_PRODUCTS_DIR; };
		5DFFA2B01D3E2520002DAE21 /* MapTestSkutUITests.m */ = {isa = PBXFileReference; lastKnownFileType = sourcecode.c.objc; path = MapTestSkutUITests.m; sourceTree = "<group>"; };
		5DFFA2B21D3E2520002DAE21 /* Info.plist */ = {isa = PBXFileReference; lastKnownFileType = text.plist.xml; path = Info.plist; sourceTree = "<group>"; };
/* End PBXFileReference section */

/* Begin PBXFrameworksBuildPhase section */
		5DFFA2821D3E2520002DAE21 /* Frameworks */ = {
			isa = PBXFrameworksBuildPhase;
			buildActionMask = 2147483647;
			files = (
			);
			runOnlyForDeploymentPostprocessing = 0;
		};
		5DFFA29E1D3E2520002DAE21 /* Frameworks */ = {
			isa = PBXFrameworksBuildPhase;
			buildActionMask = 2147483647;
			files = (
			);
			runOnlyForDeploymentPostprocessing = 0;
		};
		5DFFA2A91D3E2520002DAE21 /* Frameworks */ = {
			isa = PBXFrameworksBuildPhase;
			buildActionMask = 2147483647;
			files = (
			);
			runOnlyForDeploymentPostprocessing = 0;
		};
/* End PBXFrameworksBuildPhase section */

/* Begin PBXGroup section */
		5DFFA27C1D3E2520002DAE21 = {
			isa = PBXGroup;
			children = (
				5DFFA2871D3E2520002DAE21 /* MapTestSkut */,
				5DFFA2A41D3E2520002DAE21 /* MapTestSkutTests */,
				5DFFA2AF1D3E2520002DAE21 /* MapTestSkutUITests */,
				5DFFA2861D3E2520002DAE21 /* Products */,
			);
			sourceTree = "<group>";
		};
		5DFFA2861D3E2520002DAE21 /* Products */ = {
			isa = PBXGroup;
			children = (
				5DFFA2851D3E2520002DAE21 /* MapTestSkut.app */,
				5DFFA2A11D3E2520002DAE21 /* MapTestSkutTests.xctest */,
				5DFFA2AC1D3E2520002DAE21 /* MapTestSkutUITests.xctest */,
			);
			name = Products;
			sourceTree = "<group>";
		};
		5DFFA2871D3E2520002DAE21 /* MapTestSkut */ = {
			isa = PBXGroup;
			children = (
				5DFFA28B1D3E2520002DAE21 /* AppDelegate.h */,
				5DFFA28C1D3E2520002DAE21 /* AppDelegate.m */,
				5DFFA28E1D3E2520002DAE21 /* ViewController.h */,
				5DFFA28F1D3E2520002DAE21 /* ViewController.m */,
				5DFFA2911D3E2520002DAE21 /* Main.storyboard */,
				5DFFA2971D3E2520002DAE21 /* Assets.xcassets */,
				5DFFA2991D3E2520002DAE21 /* LaunchScreen.storyboard */,
				5DFFA29C1D3E2520002DAE21 /* Info.plist */,
				5DFFA2941D3E2520002DAE21 /* MapTestSkut.xcdatamodeld */,
				5DFFA2881D3E2520002DAE21 /* Supporting Files */,
			);
			path = MapTestSkut;
			sourceTree = "<group>";
		};
		5DFFA2881D3E2520002DAE21 /* Supporting Files */ = {
			isa = PBXGroup;
			children = (
				5DFFA2891D3E2520002DAE21 /* main.m */,
			);
			name = "Supporting Files";
			sourceTree = "<group>";
		};
		5DFFA2A41D3E2520002DAE21 /* MapTestSkutTests */ = {
			isa = PBXGroup;
			children = (
				5DFFA2A51D3E2520002DAE21 /* MapTestSkutTests.m */,
				5DFFA2A71D3E2520002DAE21 /* Info.plist */,
			);
			path = MapTestSkutTests;
			sourceTree = "<group>";
		};
		5DFFA2AF1D3E2520002DAE21 /* MapTestSkutUITests */ = {
			isa = PBXGroup;
			children = (
				5DFFA2B01D3E2520002DAE21 /* MapTestSkutUITests.m */,
				5DFFA2B21D3E2520002DAE21 /* Info.plist */,
			);
			path = MapTestSkutUITests;
			sourceTree = "<group>";
		};
/* End PBXGroup section */

/* Begin PBXNativeTarget section */
		5DFFA2841D3E2520002DAE21 /* MapTestSkut */ = {
			isa = PBXNativeTarget;
			buildConfigurationList = 5DFFA2B51D3E2520002DAE21 /* Build configuration list for PBXNativeTarget "MapTestSkut" */;
			buildPhases = (
				5DFFA2811D3E2520002DAE21 /* Sources */,
				5DFFA2821D3E2520002DAE21 /* Frameworks */,
				5DFFA2831D3E2520002DAE21 /* Resources */,
			);
			buildRules = (
			);
			dependencies = (
			);
			name = MapTestSkut;
			productName = MapTestSkut;
			productReference = 5DFFA2851D3E2520002DAE21 /* MapTestSkut.app */;
			productType = "com.apple.product-type.application";
		};
		5DFFA2A01D3E2520002DAE21 /* MapTestSkutTests */ = {
			isa = PBXNativeTarget;
			buildConfigurationList = 5DFFA2B81D3E2520002DAE21 /* Build configuration list for PBXNativeTarget "MapTestSkutTests" */;
			buildPhases = (
				5DFFA29D1D3E2520002DAE21 /* Sources */,
				5DFFA29E1D3E2520002DAE21 /* Frameworks */,
				5DFFA29F1D3E2520002DAE21 /* Resources */,
			);
			buildRules = (
			);
			dependencies = (
				5DFFA2A31D3E2520002DAE21 /* PBXTargetDependency */,
			);
			name = MapTestSkutTests;
			productName = MapTestSkutTests;
			productReference = 5DFFA2A11D3E2520002DAE21 /* MapTestSkutTests.xctest */;
			productType = "com.apple.product-type.bundle.unit-test";
		};
		5DFFA2AB1D3E2520002DAE21 /* MapTestSkutUITests */ = {
			isa = PBXNativeTarget;
			buildConfigurationList = 5DFFA2BB1D3E2520002DAE21 /* Build configuration list for PBXNativeTarget "MapTestSkutUITests" */;
			buildPhases = (
				5DFFA2A81D3E2520002DAE21 /* Sources */,
				5DFFA2A91D3E2520002DAE21 /* Frameworks */,
				5DFFA2AA1D3E2520002DAE21 /* Resources */,
			);
			buildRules = (
			);
			dependencies = (
				5DFFA2AE1D3E2520002DAE21 /* PBXTargetDependency */,
			);
			name = MapTestSkutUITests;
			productName = MapTestSkutUITests;
			productReference = 5DFFA2AC1D3E2520002DAE21 /* MapTestSkutUITests.xctest */;
			productType = "com.apple.product-type.bundle.ui-testing";
		};
/* End PBXNativeTarget section */

/* Begin PBXProject section */
		5DFFA27D1D3E2520002DAE21 /* Project object */ = {
			isa = PBXProject;
			attributes = {
				LastUpgradeCheck = 0710;
				ORGANIZATIONNAME = "Soroka Andrii";
				TargetAttributes = {
					5DFFA2841D3E2520002DAE21 = {
						CreatedOnToolsVersion = 7.1.1;
					};
					5DFFA2A01D3E2520002DAE21 = {
						CreatedOnToolsVersion = 7.1.1;
						TestTargetID = 5DFFA2841D3E2520002DAE21;
					};
					5DFFA2AB1D3E2520002DAE21 = {
						CreatedOnToolsVersion = 7.1.1;
						TestTargetID = 5DFFA2841D3E2520002DAE21;
					};
				};
			};
			buildConfigurationList = 5DFFA2801D3E2520002DAE21 /* Build configuration list for PBXProject "MapTestSkut" */;
			compatibilityVersion = "Xcode 3.2";
			developmentRegion = English;
			hasScannedForEncodings = 0;
			knownRegions = (
				en,
				Base,
			);
			mainGroup = 5DFFA27C1D3E2520002DAE21;
			productRefGroup = 5DFFA2861D3E2520002DAE21 /* Products */;
			projectDirPath = "";
			projectRoot = "";
			targets = (
				5DFFA2841D3E2520002DAE21 /* MapTestSkut */,
				5DFFA2A01D3E2520002DAE21 /* MapTestSkutTests */,
				5DFFA2AB1D3E2520002DAE21 /* MapTestSkutUITests */,
			);
		};
/* End PBXProject section */

/* Begin PBXResourcesBuildPhase section */
		5DFFA2831D3E2520002DAE21 /* Resources */ = {
			isa = PBXResourcesBuildPhase;
			buildActionMask = 2147483647;
			files = (
				5DFFA29B1D3E2520002DAE21 /* LaunchScreen.storyboard in Resources */,
				5DFFA2981D3E2520002DAE21 /* Assets.xcassets in Resources */,
				5DFFA2931D3E2520002DAE21 /* Main.storyboard in Resources */,
			);
			runOnlyForDeploymentPostprocessing = 0;
		};
		5DFFA29F1D3E2520002DAE21 /* Resources */ = {
			isa = PBXResourcesBuildPhase;
			buildActionMask = 2147483647;
			files = (
			);
			runOnlyForDeploymentPostprocessing = 0;
		};
		5DFFA2AA1D3E2520002DAE21 /* Resources */ = {
			isa = PBXResourcesBuildPhase;
			buildActionMask = 2147483647;
			files = (
			);
			runOnlyForDeploymentPostprocessing = 0;
		};
/* End PBXResourcesBuildPhase section */

/* Begin PBXSourcesBuildPhase section */
		5DFFA2811D3E2520002DAE21 /* Sources */ = {
			isa = PBXSourcesBuildPhase;
			buildActionMask = 2147483647;
			files = (
				5DFFA2901D3E2520002DAE21 /* ViewController.m in Sources */,
				5DFFA2961D3E2520002DAE21 /* MapTestSkut.xcdatamodeld in Sources */,
				5DFFA28D1D3E2520002DAE21 /* AppDelegate.m in Sources */,
				5DFFA28A1D3E2520002DAE21 /* main.m in Sources */,
			);
			runOnlyForDeploymentPostprocessing = 0;
		};
		5DFFA29D1D3E2520002DAE21 /* Sources */ = {
			isa = PBXSourcesBuildPhase;
			buildActionMask = 2147483647;
			files = (
				5DFFA2A61D3E2520002DAE21 /* MapTestSkutTests.m in Sources */,
			);
			runOnlyForDeploymentPostprocessing = 0;
		};
		5DFFA2A81D3E2520002DAE21 /* Sources */ = {
			isa = PBXSourcesBuildPhase;
			buildActionMask = 2147483647;
			files = (
				5DFFA2B11D3E2520002DAE21 /* MapTestSkutUITests.m in Sources */,
			);
			runOnlyForDeploymentPostprocessing = 0;
		};
/* End PBXSourcesBuildPhase section */

/* Begin PBXTargetDependency section */
		5DFFA2A31D3E2520002DAE21 /* PBXTargetDependency */ = {
			isa = PBXTargetDependency;
			target = 5DFFA2841D3E2520002DAE21 /* MapTestSkut */;
			targetProxy = 5DFFA2A21D3E2520002DAE21 /* PBXContainerItemProxy */;
		};
		5DFFA2AE1D3E2520002DAE21 /* PBXTargetDependency */ = {
			isa = PBXTargetDependency;
			target = 5DFFA2841D3E2520002DAE21 /* MapTestSkut */;
			targetProxy = 5DFFA2AD1D3E2520002DAE21 /* PBXContainerItemProxy */;
		};
/* End PBXTargetDependency section */

/* Begin PBXVariantGroup section */
		5DFFA2911D3E2520002DAE21 /* Main.storyboard */ = {
			isa = PBXVariantGroup;
			children = (
				5DFFA2921D3E2520002DAE21 /* Base */,
			);
			name = Main.storyboard;
			sourceTree = "<group>";
		};
		5DFFA2991D3E2520002DAE21 /* LaunchScreen.storyboard */ = {
			isa = PBXVariantGroup;
			children = (
				5DFFA29A1D3E2520002DAE21 /* Base */,
			);
			name = LaunchScreen.storyboard;
			sourceTree = "<group>";
		};
/* End PBXVariantGroup section */

/* Begin XCBuildConfiguration section */
		5DFFA2B31D3E2520002DAE21 /* Debug */ = {
			isa = XCBuildConfiguration;
			buildSettings = {
				ALWAYS_SEARCH_USER_PATHS = NO;
				CLANG_CXX_LANGUAGE_STANDARD = "gnu++0x";
				CLANG_CXX_LIBRARY = "libc++";
				CLANG_ENABLE_MODULES = YES;
				CLANG_ENABLE_OBJC_ARC = YES;
				CLANG_WARN_BOOL_CONVERSION = YES;
				CLANG_WARN_CONSTANT_CONVERSION = YES;
				CLANG_WARN_DIRECT_OBJC_ISA_USAGE = YES_ERROR;
				CLANG_WARN_EMPTY_BODY = YES;
				CLANG_WARN_ENUM_CONVERSION = YES;
				CLANG_WARN_INT_CONVERSION = YES;
				CLANG_WARN_OBJC_ROOT_CLASS = YES_ERROR;
				CLANG_WARN_UNREACHABLE_CODE = YES;
				CLANG_WARN__DUPLICATE_METHOD_MATCH = YES;
				"CODE_SIGN_IDENTITY[sdk=iphoneos*]" = "iPhone Developer";
				COPY_PHASE_STRIP = NO;
				DEBUG_INFORMATION_FORMAT = dwarf;
				ENABLE_STRICT_OBJC_MSGSEND = YES;
				ENABLE_TESTABILITY = YES;
				GCC_C_LANGUAGE_STANDARD = gnu99;
				GCC_DYNAMIC_NO_PIC = NO;
				GCC_NO_COMMON_BLOCKS = YES;
				GCC_OPTIMIZATION_LEVEL = 0;
				GCC_PREPROCESSOR_DEFINITIONS = (
					"DEBUG=1",
					"$(inherited)",
				);
				GCC_WARN_64_TO_32_BIT_CONVERSION = YES;
				GCC_WARN_ABOUT_RETURN_TYPE = YES_ERROR;
				GCC_WARN_UNDECLARED_SELECTOR = YES;
				GCC_WARN_UNINITIALIZED_AUTOS = YES_AGGRESSIVE;
				GCC_WARN_UNUSED_FUNCTION = YES;
				GCC_WARN_UNUSED_VARIABLE = YES;
				IPHONEOS_DEPLOYMENT_TARGET = 9.1;
				MTL_ENABLE_DEBUG_INFO = YES;
				ONLY_ACTIVE_ARCH = YES;
				SDKROOT = iphoneos;
				TARGETED_DEVICE_FAMILY = 2;
			};
			name = Debug;
		};
		5DFFA2B41D3E2520002DAE21 /* Release */ = {
			isa = XCBuildConfiguration;
			buildSettings = {
				ALWAYS_SEARCH_USER_PATHS = NO;
				CLANG_CXX_LANGUAGE_STANDARD = "gnu++0x";
				CLANG_CXX_LIBRARY = "libc++";
				CLANG_ENABLE_MODULES = YES;
				CLANG_ENABLE_OBJC_ARC = YES;
				CLANG_WARN_BOOL_CONVERSION = YES;
				CLANG_WARN_CONSTANT_CONVERSION = YES;
				CLANG_WARN_DIRECT_OBJC_ISA_USAGE = YES_ERROR;
				CLANG_WARN_EMPTY_BODY = YES;
				CLANG_WARN_ENUM_CONVERSION = YES;
				CLANG_WARN_INT_CONVERSION = YES;
				CLANG_WARN_OBJC_ROOT_CLASS = YES_ERROR;
				CLANG_WARN_UNREACHABLE_CODE = YES;
				CLANG_WARN__DUPLICATE_METHOD_MATCH = YES;
				"CODE_SIGN_IDENTITY[sdk=iphoneos*]" = "iPhone Developer";
				COPY_PHASE_STRIP = NO;
				DEBUG_INFORMATION_FORMAT = "dwarf-with-dsym";
				ENABLE_NS_ASSERTIONS = NO;
				ENABLE_STRICT_OBJC_MSGSEND = YES;
				GCC_C_LANGUAGE_STANDARD = gnu99;
				GCC_NO_COMMON_BLOCKS = YES;
				GCC_WARN_64_TO_32_BIT_CONVERSION = YES;
				GCC_WARN_ABOUT_RETURN_TYPE = YES_ERROR;
				GCC_WARN_UNDECLARED_SELECTOR = YES;
				GCC_WARN_UNINITIALIZED_AUTOS = YES_AGGRESSIVE;
				GCC_WARN_UNUSED_FUNCTION = YES;
				GCC_WARN_UNUSED_VARIABLE = YES;
				IPHONEOS_DEPLOYMENT_TARGET = 9.1;
				MTL_ENABLE_DEBUG_INFO = NO;
				SDKROOT = iphoneos;
				TARGETED_DEVICE_FAMILY = 2;
				VALIDATE_PRODUCT = YES;
			};
			name = Release;
		};
		5DFFA2B61D3E2520002DAE21 /* Debug */ = {
			isa = XCBuildConfiguration;
			buildSettings = {
				ASSETCATALOG_COMPILER_APPICON_NAME = AppIcon;
				INFOPLIST_FILE = MapTestSkut/Info.plist;
				LD_RUNPATH_SEARCH_PATHS = "$(inherited) @executable_path/Frameworks";
				PRODUCT_BUNDLE_IDENTIFIER = "Andrew-Soroka.MapTestSkut";
				PRODUCT_NAME = "$(TARGET_NAME)";
			};
			name = Debug;
		};
		5DFFA2B71D3E2520002DAE21 /* Release */ = {
			isa = XCBuildConfiguration;
			buildSettings = {
				ASSETCATALOG_COMPILER_APPICON_NAME = AppIcon;
				INFOPLIST_FILE = MapTestSkut/Info.plist;
				LD_RUNPATH_SEARCH_PATHS = "$(inherited) @executable_path/Frameworks";
				PRODUCT_BUNDLE_IDENTIFIER = "Andrew-Soroka.MapTestSkut";
				PRODUCT_NAME = "$(TARGET_NAME)";
			};
			name = Release;
		};
		5DFFA2B91D3E2520002DAE21 /* Debug */ = {
			isa = XCBuildConfiguration;
			buildSettings = {
				BUNDLE_LOADER = "$(TEST_HOST)";
				INFOPLIST_FILE = MapTestSkutTests/Info.plist;
				LD_RUNPATH_SEARCH_PATHS = "$(inherited) @executable_path/Frameworks @loader_path/Frameworks";
				PRODUCT_BUNDLE_IDENTIFIER = "Andrew-Soroka.MapTestSkutTests";
				PRODUCT_NAME = "$(TARGET_NAME)";
				TEST_HOST = "$(BUILT_PRODUCTS_DIR)/MapTestSkut.app/MapTestSkut";
			};
			name = Debug;
		};
		5DFFA2BA1D3E2520002DAE21 /* Release */ = {
			isa = XCBuildConfiguration;
			buildSettings = {
				BUNDLE_LOADER = "$(TEST_HOST)";
				INFOPLIST_FILE = MapTestSkutTests/Info.plist;
				LD_RUNPATH_SEARCH_PATHS = "$(inherited) @executable_path/Frameworks @loader_path/Frameworks";
				PRODUCT_BUNDLE_IDENTIFIER = "Andrew-Soroka.MapTestSkutTests";
				PRODUCT_NAME = "$(TARGET_NAME)";
				TEST_HOST = "$(BUILT_PRODUCTS_DIR)/MapTestSkut.app/MapTestSkut";
			};
			name = Release;
		};
		5DFFA2BC1D3E2520002DAE21 /* Debug */ = {
			isa = XCBuildConfiguration;
			buildSettings = {
				INFOPLIST_FILE = MapTestSkutUITests/Info.plist;
				LD_RUNPATH_SEARCH_PATHS = "$(inherited) @executable_path/Frameworks @loader_path/Frameworks";
				PRODUCT_BUNDLE_IDENTIFIER = "Andrew-Soroka.MapTestSkutUITests";
				PRODUCT_NAME = "$(TARGET_NAME)";
				TEST_TARGET_NAME = MapTestSkut;
				USES_XCTRUNNER = YES;
			};
			name = Debug;
		};
		5DFFA2BD1D3E2520002DAE21 /* Release */ = {
			isa = XCBuildConfiguration;
			buildSettings = {
				INFOPLIST_FILE = MapTestSkutUITests/Info.plist;
				LD_RUNPATH_SEARCH_PATHS = "$(inherited) @executable_path/Frameworks @loader_path/Frameworks";
				PRODUCT_BUNDLE_IDENTIFIER = "Andrew-Soroka.MapTestSkutUITests";
				PRODUCT_NAME = "$(TARGET_NAME)";
				TEST_TARGET_NAME = MapTestSkut;
				USES_XCTRUNNER = YES;
			};
			name = Release;
		};
/* End XCBuildConfiguration section */

/* Begin XCConfigurationList section */
		5DFFA2801D3E2520002DAE21 /* Build configuration list for PBXProject "MapTestSkut" */ = {
			isa = XCConfigurationList;
			buildConfigurations = (
				5DFFA2B31D3E2520002DAE21 /* Debug */,
				5DFFA2B41D3E2520002DAE21 /* Release */,
			);
			defaultConfigurationIsVisible = 0;
			defaultConfigurationName = Release;
		};
		5DFFA2B51D3E2520002DAE21 /* Build configuration list for PBXNativeTarget "MapTestSkut" */ = {
			isa = XCConfigurationList;
			buildConfigurations = (
				5DFFA2B61D3E2520002DAE21 /* Debug */,
				5DFFA2B71D3E2520002DAE21 /* Release */,
			);
			defaultConfigurationIsVisible = 0;
		};
		5DFFA2B81D3E2520002DAE21 /* Build configuration list for PBXNativeTarget "MapTestSkutTests" */ = {
			isa = XCConfigurationList;
			buildConfigurations = (
				5DFFA2B91D3E2520002DAE21 /* Debug */,
				5DFFA2BA1D3E2520002DAE21 /* Release */,
			);
			defaultConfigurationIsVisible = 0;
		};
		5DFFA2BB1D3E2520002DAE21 /* Build configuration list for PBXNativeTarget "MapTestSkutUITests" */ = {
			isa = XCConfigurationList;
			buildConfigurations = (
				5DFFA2BC1D3E2520002DAE21 /* Debug */,
				5DFFA2BD1D3E2520002DAE21 /* Release */,
			);
			defaultConfigurationIsVisible = 0;
		};
/* End XCConfigurationList section */

/* Begin XCVersionGroup section */
		5DFFA2941D3E2520002DAE21 /* MapTestSkut.xcdatamodeld */ = {
			isa = XCVersionGroup;
			children = (
				5DFFA2951D3E2520002DAE21 /* MapTestSkut.xcdatamodel */,
			);
			currentVersion = 5DFFA2951D3E2520002DAE21 /* MapTestSkut.xcdatamodel */;
			path = MapTestSkut.xcdatamodeld;
			sourceTree = "<group>";
			versionGroupType = wrapper.xcdatamodel;
		};
/* End XCVersionGroup section */
	};
	rootObject = 5DFFA27D1D3E2520002DAE21 /* Project object */;
}
